
Microsoft Visual Studio Solution File, Format Version 12.00
# Visual Studio Version 16
VisualStudioVersion = 16.0.32106.194
MinimumVisualStudioVersion = 10.0.40219.1
Project("{9A19103F-16F7-4668-BE54-9A1E7A4F7556}") = "FunctionsReturnAndArraysFromFile", "FunctionsReturnAndArraysFromFile\FunctionsReturnAndArraysFromFile.csproj", "{1BE2EB1B-88CC-4FC5-B59A-552498BD7908}"
EndProject
Project("{9A19103F-16F7-4668-BE54-9A1E7A4F7556}") = "FridayNightRandom", "FridayNightRandom\FridayNightRandom.csproj", "{FEBFBF41-7F2E-4E19-BD49-43EA2C400A80}"
EndProject
Project("{9A19103F-16F7-4668-BE54-9A1E7A4F7556}") = "FridayNoghtRandomReturn", "FridayNoghtRandomReturn\FridayNoghtRandomReturn.csproj", "{EA72E21D-20DB-4537-BBAE-D263E0E49FBC}"
EndProject
Project("{FAE04EC0-301F-11D3-BF4B-00C04F79EFBC}") = "PickFromFile", "PickFromFile\PickFromFile.csproj", "{9AD4D4E1-CA38-47A8-88AB-1F085355FE54}"
EndProject
Project("{FAE04EC0-301F-11D3-BF4B-00C04F79EFBC}") = "ChuckNorris", "ChuckNorris\ChuckNorris.csproj", "{F2108CB6-3693-4F3B-8944-37AC03F9E09F}"
EndProject
Global
	GlobalSection(SolutionConfigurationPlatforms) = preSolution
		Debug|Any CPU = Debug|Any CPU
		Release|Any CPU = Release|Any CPU
	EndGlobalSection
	GlobalSection(ProjectConfigurationPlatforms) = postSolution
		{1BE2EB1B-88CC-4FC5-B59A-552498BD7908}.Debug|Any CPU.ActiveCfg = Debug|Any CPU
		{1BE2EB1B-88CC-4FC5-B59A-552498BD7908}.Debug|Any CPU.Build.0 = Debug|Any CPU
		{1BE2EB1B-88CC-4FC5-B59A-552498BD7908}.Release|Any CPU.ActiveCfg = Release|Any CPU
		{1BE2EB1B-88CC-4FC5-B59A-552498BD7908}.Release|Any CPU.Build.0 = Release|Any CPU
		{FEBFBF41-7F2E-4E19-BD49-43EA2C400A80}.Debug|Any CPU.ActiveCfg = Debug|Any CPU
		{FEBFBF41-7F2E-4E19-BD49-43EA2C400A80}.Debug|Any CPU.Build.0 = Debug|Any CPU
		{FEBFBF41-7F2E-4E19-BD49-43EA2C400A80}.Release|Any CPU.ActiveCfg = Release|Any CPU
		{FEBFBF41-7F2E-4E19-BD49-43EA2C400A80}.Release|Any CPU.Build.0 = Release|Any CPU
		{EA72E21D-20DB-4537-BBAE-D263E0E49FBC}.Debug|Any CPU.ActiveCfg = Debug|Any CPU
		{EA72E21D-20DB-4537-BBAE-D263E0E49FBC}.Debug|Any CPU.Build.0 = Debug|Any CPU
		{EA72E21D-20DB-4537-BBAE-D263E0E49FBC}.Release|Any CPU.ActiveCfg = Release|Any CPU
		{EA72E21D-20DB-4537-BBAE-D263E0E49FBC}.Release|Any CPU.Build.0 = Release|Any CPU
		{9AD4D4E1-CA38-47A8-88AB-1F085355FE54}.Debug|Any CPU.ActiveCfg = Debug|Any CPU
		{9AD4D4E1-CA38-47A8-88AB-1F085355FE54}.Debug|Any CPU.Build.0 = Debug|Any CPU
		{9AD4D4E1-CA38-47A8-88AB-1F085355FE54}.Release|Any CPU.ActiveCfg = Release|Any CPU
		{9AD4D4E1-CA38-47A8-88AB-1F085355FE54}.Release|Any CPU.Build.0 = Release|Any CPU
		{F2108CB6-3693-4F3B-8944-37AC03F9E09F}.Debug|Any CPU.ActiveCfg = Debug|Any CPU
		{F2108CB6-3693-4F3B-8944-37AC03F9E09F}.Debug|Any CPU.Build.0 = Debug|Any CPU
		{F2108CB6-3693-4F3B-8944-37AC03F9E09F}.Release|Any CPU.ActiveCfg = Release|Any CPU
		{F2108CB6-3693-4F3B-8944-37AC03F9E09F}.Release|Any CPU.Build.0 = Release|Any CPU
	EndGlobalSection
	GlobalSection(SolutionProperties) = preSolution
		HideSolutionNode = FALSE
	EndGlobalSection
	GlobalSection(ExtensibilityGlobals) = postSolution
		SolutionGuid = {840DDF88-C123-49F6-8C1A-063E1051B319}
	EndGlobalSection
EndGlobal
